// !$*UTF8*$!
{
	archiveVersion = 1;
	classes = {
	};
	objectVersion = 56;
	objects = {

/* Begin PBXBuildFile section */
		4732870C2AD4CE4300C13ADE /* TelemetryClient in Frameworks */ = {isa = PBXBuildFile; productRef = 4732870B2AD4CE4300C13ADE /* TelemetryClient */; };
		476881D22AD2FBEE000990AF /* Sparkle in Frameworks */ = {isa = PBXBuildFile; productRef = 476881D12AD2FBEE000990AF /* Sparkle */; };
		476881D42AD2FC2E000990AF /* CheckForUpdatesView.swift in Sources */ = {isa = PBXBuildFile; fileRef = 476881D32AD2FC2E000990AF /* CheckForUpdatesView.swift */; };
		4780CC6D2AD4233A00178571 /* SettingsView.swift in Sources */ = {isa = PBXBuildFile; fileRef = 4780CC6C2AD4233A00178571 /* SettingsView.swift */; };
		47DF13872AD27FC200C5140D /* EyesBuddyApp.swift in Sources */ = {isa = PBXBuildFile; fileRef = 47DF13862AD27FC200C5140D /* EyesBuddyApp.swift */; };
		47DF138B2AD27FC300C5140D /* Assets.xcassets in Resources */ = {isa = PBXBuildFile; fileRef = 47DF138A2AD27FC300C5140D /* Assets.xcassets */; };
		47DF138E2AD27FC300C5140D /* Preview Assets.xcassets in Resources */ = {isa = PBXBuildFile; fileRef = 47DF138D2AD27FC300C5140D /* Preview Assets.xcassets */; };
		47DF13962AD2800400C5140D /* ReminderView.swift in Sources */ = {isa = PBXBuildFile; fileRef = 47DF13952AD2800400C5140D /* ReminderView.swift */; };
		47DF13982AD2801700C5140D /* SessionManager.swift in Sources */ = {isa = PBXBuildFile; fileRef = 47DF13972AD2801700C5140D /* SessionManager.swift */; };
		47DF139A2AD2802C00C5140D /* HomeView.swift in Sources */ = {isa = PBXBuildFile; fileRef = 47DF13992AD2802C00C5140D /* HomeView.swift */; };
		47DF139F2AD2829B00C5140D /* MenuBarView.swift in Sources */ = {isa = PBXBuildFile; fileRef = 47DF139E2AD2829B00C5140D /* MenuBarView.swift */; };
/* End PBXBuildFile section */

/* Begin PBXFileReference section */
		476881D32AD2FC2E000990AF /* CheckForUpdatesView.swift */ = {isa = PBXFileReference; lastKnownFileType = sourcecode.swift; path = CheckForUpdatesView.swift; sourceTree = "<group>"; };
		476881D52AD2FD61000990AF /* Info.plist */ = {isa = PBXFileReference; lastKnownFileType = text.plist; path = Info.plist; sourceTree = "<group>"; };
		4780CC6C2AD4233A00178571 /* SettingsView.swift */ = {isa = PBXFileReference; lastKnownFileType = sourcecode.swift; path = SettingsView.swift; sourceTree = "<group>"; };
		47DF13832AD27FC200C5140D /* Eyes Buddy.app */ = {isa = PBXFileReference; explicitFileType = wrapper.application; includeInIndex = 0; path = "Eyes Buddy.app"; sourceTree = BUILT_PRODUCTS_DIR; };
		47DF13862AD27FC200C5140D /* EyesBuddyApp.swift */ = {isa = PBXFileReference; lastKnownFileType = sourcecode.swift; path = EyesBuddyApp.swift; sourceTree = "<group>"; };
		47DF138A2AD27FC300C5140D /* Assets.xcassets */ = {isa = PBXFileReference; lastKnownFileType = folder.assetcatalog; path = Assets.xcassets; sourceTree = "<group>"; };
		47DF138D2AD27FC300C5140D /* Preview Assets.xcassets */ = {isa = PBXFileReference; lastKnownFileType = folder.assetcatalog; path = "Preview Assets.xcassets"; sourceTree = "<group>"; };
		47DF138F2AD27FC300C5140D /* EyesBuddy.entitlements */ = {isa = PBXFileReference; lastKnownFileType = text.plist.entitlements; path = EyesBuddy.entitlements; sourceTree = "<group>"; };
		47DF13952AD2800400C5140D /* ReminderView.swift */ = {isa = PBXFileReference; lastKnownFileType = sourcecode.swift; path = ReminderView.swift; sourceTree = "<group>"; };
		47DF13972AD2801700C5140D /* SessionManager.swift */ = {isa = PBXFileReference; lastKnownFileType = sourcecode.swift; path = SessionManager.swift; sourceTree = "<group>"; };
		47DF13992AD2802C00C5140D /* HomeView.swift */ = {isa = PBXFileReference; lastKnownFileType = sourcecode.swift; path = HomeView.swift; sourceTree = "<group>"; };
		47DF139E2AD2829B00C5140D /* MenuBarView.swift */ = {isa = PBXFileReference; lastKnownFileType = sourcecode.swift; path = MenuBarView.swift; sourceTree = "<group>"; };
/* End PBXFileReference section */

/* Begin PBXFrameworksBuildPhase section */
		47DF13802AD27FC200C5140D /* Frameworks */ = {
			isa = PBXFrameworksBuildPhase;
			buildActionMask = 2147483647;
			files = (
				476881D22AD2FBEE000990AF /* Sparkle in Frameworks */,
				4732870C2AD4CE4300C13ADE /* TelemetryClient in Frameworks */,
			);
			runOnlyForDeploymentPostprocessing = 0;
		};
/* End PBXFrameworksBuildPhase section */

/* Begin PBXGroup section */
		47DF137A2AD27FC200C5140D = {
			isa = PBXGroup;
			children = (
				47DF13852AD27FC200C5140D /* EyesBuddy */,
				47DF13842AD27FC200C5140D /* Products */,
			);
			sourceTree = "<group>";
		};
		47DF13842AD27FC200C5140D /* Products */ = {
			isa = PBXGroup;
			children = (
				47DF13832AD27FC200C5140D /* Eyes Buddy.app */,
			);
			name = Products;
			sourceTree = "<group>";
		};
		47DF13852AD27FC200C5140D /* EyesBuddy */ = {
			isa = PBXGroup;
			children = (
				476881D52AD2FD61000990AF /* Info.plist */,
				47DF13862AD27FC200C5140D /* EyesBuddyApp.swift */,
				47DF13952AD2800400C5140D /* ReminderView.swift */,
				47DF13972AD2801700C5140D /* SessionManager.swift */,
				47DF13992AD2802C00C5140D /* HomeView.swift */,
				47DF139E2AD2829B00C5140D /* MenuBarView.swift */,
				4780CC6C2AD4233A00178571 /* SettingsView.swift */,
				476881D32AD2FC2E000990AF /* CheckForUpdatesView.swift */,
				47DF138A2AD27FC300C5140D /* Assets.xcassets */,
				47DF138F2AD27FC300C5140D /* EyesBuddy.entitlements */,
				47DF138C2AD27FC300C5140D /* Preview Content */,
			);
			path = EyesBuddy;
			sourceTree = "<group>";
		};
		47DF138C2AD27FC300C5140D /* Preview Content */ = {
			isa = PBXGroup;
			children = (
				47DF138D2AD27FC300C5140D /* Preview Assets.xcassets */,
			);
			path = "Preview Content";
			sourceTree = "<group>";
		};
/* End PBXGroup section */

/* Begin PBXNativeTarget section */
		47DF13822AD27FC200C5140D /* EyesBuddy */ = {
			isa = PBXNativeTarget;
			buildConfigurationList = 47DF13922AD27FC300C5140D /* Build configuration list for PBXNativeTarget "EyesBuddy" */;
			buildPhases = (
				47DF137F2AD27FC200C5140D /* Sources */,
				47DF13802AD27FC200C5140D /* Frameworks */,
				47DF13812AD27FC200C5140D /* Resources */,
			);
			buildRules = (
			);
			dependencies = (
			);
			name = EyesBuddy;
			packageProductDependencies = (
				476881D12AD2FBEE000990AF /* Sparkle */,
				4732870B2AD4CE4300C13ADE /* TelemetryClient */,
			);
			productName = EyesBuddy;
			productReference = 47DF13832AD27FC200C5140D /* Eyes Buddy.app */;
			productType = "com.apple.product-type.application";
		};
/* End PBXNativeTarget section */

/* Begin PBXProject section */
		47DF137B2AD27FC200C5140D /* Project object */ = {
			isa = PBXProject;
			attributes = {
				BuildIndependentTargetsInParallel = 1;
				LastSwiftUpdateCheck = 1500;
				LastUpgradeCheck = 1500;
				TargetAttributes = {
					47DF13822AD27FC200C5140D = {
						CreatedOnToolsVersion = 15.0;
					};
				};
			};
			buildConfigurationList = 47DF137E2AD27FC200C5140D /* Build configuration list for PBXProject "EyesBuddy" */;
			compatibilityVersion = "Xcode 14.0";
			developmentRegion = en;
			hasScannedForEncodings = 0;
			knownRegions = (
				en,
				Base,
			);
			mainGroup = 47DF137A2AD27FC200C5140D;
			packageReferences = (
				476881D02AD2FBEE000990AF /* XCRemoteSwiftPackageReference "Sparkle" */,
				4732870A2AD4CE4300C13ADE /* XCRemoteSwiftPackageReference "SwiftClient" */,
			);
			productRefGroup = 47DF13842AD27FC200C5140D /* Products */;
			projectDirPath = "";
			projectRoot = "";
			targets = (
				47DF13822AD27FC200C5140D /* EyesBuddy */,
			);
		};
/* End PBXProject section */

/* Begin PBXResourcesBuildPhase section */
		47DF13812AD27FC200C5140D /* Resources */ = {
			isa = PBXResourcesBuildPhase;
			buildActionMask = 2147483647;
			files = (
				47DF138E2AD27FC300C5140D /* Preview Assets.xcassets in Resources */,
				47DF138B2AD27FC300C5140D /* Assets.xcassets in Resources */,
			);
			runOnlyForDeploymentPostprocessing = 0;
		};
/* End PBXResourcesBuildPhase section */

/* Begin PBXSourcesBuildPhase section */
		47DF137F2AD27FC200C5140D /* Sources */ = {
			isa = PBXSourcesBuildPhase;
			buildActionMask = 2147483647;
			files = (
				4780CC6D2AD4233A00178571 /* SettingsView.swift in Sources */,
				47DF13872AD27FC200C5140D /* EyesBuddyApp.swift in Sources */,
				47DF13982AD2801700C5140D /* SessionManager.swift in Sources */,
				47DF139F2AD2829B00C5140D /* MenuBarView.swift in Sources */,
				47DF139A2AD2802C00C5140D /* HomeView.swift in Sources */,
				476881D42AD2FC2E000990AF /* CheckForUpdatesView.swift in Sources */,
				47DF13962AD2800400C5140D /* ReminderView.swift in Sources */,
			);
			runOnlyForDeploymentPostprocessing = 0;
		};
/* End PBXSourcesBuildPhase section */

/* Begin XCBuildConfiguration section */
		47DF13902AD27FC300C5140D /* Debug */ = {
			isa = XCBuildConfiguration;
			buildSettings = {
				ALWAYS_SEARCH_USER_PATHS = NO;
				ASSETCATALOG_COMPILER_GENERATE_SWIFT_ASSET_SYMBOL_EXTENSIONS = YES;
				CLANG_ANALYZER_NONNULL = YES;
				CLANG_ANALYZER_NUMBER_OBJECT_CONVERSION = YES_AGGRESSIVE;
				CLANG_CXX_LANGUAGE_STANDARD = "gnu++20";
				CLANG_ENABLE_MODULES = YES;
				CLANG_ENABLE_OBJC_ARC = YES;
				CLANG_ENABLE_OBJC_WEAK = YES;
				CLANG_WARN_BLOCK_CAPTURE_AUTORELEASING = YES;
				CLANG_WARN_BOOL_CONVERSION = YES;
				CLANG_WARN_COMMA = YES;
				CLANG_WARN_CONSTANT_CONVERSION = YES;
				CLANG_WARN_DEPRECATED_OBJC_IMPLEMENTATIONS = YES;
				CLANG_WARN_DIRECT_OBJC_ISA_USAGE = YES_ERROR;
				CLANG_WARN_DOCUMENTATION_COMMENTS = YES;
				CLANG_WARN_EMPTY_BODY = YES;
				CLANG_WARN_ENUM_CONVERSION = YES;
				CLANG_WARN_INFINITE_RECURSION = YES;
				CLANG_WARN_INT_CONVERSION = YES;
				CLANG_WARN_NON_LITERAL_NULL_CONVERSION = YES;
				CLANG_WARN_OBJC_IMPLICIT_RETAIN_SELF = YES;
				CLANG_WARN_OBJC_LITERAL_CONVERSION = YES;
				CLANG_WARN_OBJC_ROOT_CLASS = YES_ERROR;
				CLANG_WARN_QUOTED_INCLUDE_IN_FRAMEWORK_HEADER = YES;
				CLANG_WARN_RANGE_LOOP_ANALYSIS = YES;
				CLANG_WARN_STRICT_PROTOTYPES = YES;
				CLANG_WARN_SUSPICIOUS_MOVE = YES;
				CLANG_WARN_UNGUARDED_AVAILABILITY = YES_AGGRESSIVE;
				CLANG_WARN_UNREACHABLE_CODE = YES;
				CLANG_WARN__DUPLICATE_METHOD_MATCH = YES;
				COPY_PHASE_STRIP = NO;
				DEBUG_INFORMATION_FORMAT = dwarf;
				ENABLE_STRICT_OBJC_MSGSEND = YES;
				ENABLE_TESTABILITY = YES;
				ENABLE_USER_SCRIPT_SANDBOXING = YES;
				GCC_C_LANGUAGE_STANDARD = gnu17;
				GCC_DYNAMIC_NO_PIC = NO;
				GCC_NO_COMMON_BLOCKS = YES;
				GCC_OPTIMIZATION_LEVEL = 0;
				GCC_PREPROCESSOR_DEFINITIONS = (
					"DEBUG=1",
					"$(inherited)",
				);
				GCC_WARN_64_TO_32_BIT_CONVERSION = YES;
				GCC_WARN_ABOUT_RETURN_TYPE = YES_ERROR;
				GCC_WARN_UNDECLARED_SELECTOR = YES;
				GCC_WARN_UNINITIALIZED_AUTOS = YES_AGGRESSIVE;
				GCC_WARN_UNUSED_FUNCTION = YES;
				GCC_WARN_UNUSED_VARIABLE = YES;
				LOCALIZATION_PREFERS_STRING_CATALOGS = YES;
				MACOSX_DEPLOYMENT_TARGET = 13.0;
				MTL_ENABLE_DEBUG_INFO = INCLUDE_SOURCE;
				MTL_FAST_MATH = YES;
				ONLY_ACTIVE_ARCH = YES;
				SDKROOT = macosx;
				SWIFT_ACTIVE_COMPILATION_CONDITIONS = "DEBUG $(inherited)";
				SWIFT_OPTIMIZATION_LEVEL = "-Onone";
			};
			name = Debug;
		};
		47DF13912AD27FC300C5140D /* Release */ = {
			isa = XCBuildConfiguration;
			buildSettings = {
				ALWAYS_SEARCH_USER_PATHS = NO;
				ASSETCATALOG_COMPILER_GENERATE_SWIFT_ASSET_SYMBOL_EXTENSIONS = YES;
				CLANG_ANALYZER_NONNULL = YES;
				CLANG_ANALYZER_NUMBER_OBJECT_CONVERSION = YES_AGGRESSIVE;
				CLANG_CXX_LANGUAGE_STANDARD = "gnu++20";
				CLANG_ENABLE_MODULES = YES;
				CLANG_ENABLE_OBJC_ARC = YES;
				CLANG_ENABLE_OBJC_WEAK = YES;
				CLANG_WARN_BLOCK_CAPTURE_AUTORELEASING = YES;
				CLANG_WARN_BOOL_CONVERSION = YES;
				CLANG_WARN_COMMA = YES;
				CLANG_WARN_CONSTANT_CONVERSION = YES;
				CLANG_WARN_DEPRECATED_OBJC_IMPLEMENTATIONS = YES;
				CLANG_WARN_DIRECT_OBJC_ISA_USAGE = YES_ERROR;
				CLANG_WARN_DOCUMENTATION_COMMENTS = YES;
				CLANG_WARN_EMPTY_BODY = YES;
				CLANG_WARN_ENUM_CONVERSION = YES;
				CLANG_WARN_INFINITE_RECURSION = YES;
				CLANG_WARN_INT_CONVERSION = YES;
				CLANG_WARN_NON_LITERAL_NULL_CONVERSION = YES;
				CLANG_WARN_OBJC_IMPLICIT_RETAIN_SELF = YES;
				CLANG_WARN_OBJC_LITERAL_CONVERSION = YES;
				CLANG_WARN_OBJC_ROOT_CLASS = YES_ERROR;
				CLANG_WARN_QUOTED_INCLUDE_IN_FRAMEWORK_HEADER = YES;
				CLANG_WARN_RANGE_LOOP_ANALYSIS = YES;
				CLANG_WARN_STRICT_PROTOTYPES = YES;
				CLANG_WARN_SUSPICIOUS_MOVE = YES;
				CLANG_WARN_UNGUARDED_AVAILABILITY = YES_AGGRESSIVE;
				CLANG_WARN_UNREACHABLE_CODE = YES;
				CLANG_WARN__DUPLICATE_METHOD_MATCH = YES;
				COPY_PHASE_STRIP = NO;
				DEBUG_INFORMATION_FORMAT = "dwarf-with-dsym";
				ENABLE_NS_ASSERTIONS = NO;
				ENABLE_STRICT_OBJC_MSGSEND = YES;
				ENABLE_USER_SCRIPT_SANDBOXING = YES;
				GCC_C_LANGUAGE_STANDARD = gnu17;
				GCC_NO_COMMON_BLOCKS = YES;
				GCC_WARN_64_TO_32_BIT_CONVERSION = YES;
				GCC_WARN_ABOUT_RETURN_TYPE = YES_ERROR;
				GCC_WARN_UNDECLARED_SELECTOR = YES;
				GCC_WARN_UNINITIALIZED_AUTOS = YES_AGGRESSIVE;
				GCC_WARN_UNUSED_FUNCTION = YES;
				GCC_WARN_UNUSED_VARIABLE = YES;
				LOCALIZATION_PREFERS_STRING_CATALOGS = YES;
				MACOSX_DEPLOYMENT_TARGET = 13.0;
				MTL_ENABLE_DEBUG_INFO = NO;
				MTL_FAST_MATH = YES;
				SDKROOT = macosx;
				SWIFT_COMPILATION_MODE = wholemodule;
			};
			name = Release;
		};
		47DF13932AD27FC300C5140D /* Debug */ = {
			isa = XCBuildConfiguration;
			buildSettings = {
				ASSETCATALOG_COMPILER_APPICON_NAME = AppIcon;
				ASSETCATALOG_COMPILER_GLOBAL_ACCENT_COLOR_NAME = AccentColor;
				CODE_SIGN_ENTITLEMENTS = EyesBuddy/EyesBuddy.entitlements;
				CODE_SIGN_STYLE = Automatic;
				COMBINE_HIDPI_IMAGES = YES;
				CURRENT_PROJECT_VERSION = 4;
				DEVELOPMENT_ASSET_PATHS = "\"EyesBuddy/Preview Content\"";
				DEVELOPMENT_TEAM = BH46VD9229;
				ENABLE_HARDENED_RUNTIME = YES;
				ENABLE_PREVIEWS = YES;
				GENERATE_INFOPLIST_FILE = YES;
				INFOPLIST_FILE = EyesBuddy/Info.plist;
				INFOPLIST_KEY_CFBundleDisplayName = "Eyes Buddy";
				INFOPLIST_KEY_LSApplicationCategoryType = "public.app-category.productivity";
				INFOPLIST_KEY_NSHumanReadableCopyright = "";
				LD_RUNPATH_SEARCH_PATHS = (
					"$(inherited)",
					"@executable_path/../Frameworks",
				);
				MACOSX_DEPLOYMENT_TARGET = 13.0;
				MARKETING_VERSION = 0.3;
				PRODUCT_BUNDLE_IDENTIFIER = com.hieudinh.EyesBuddy;
				PRODUCT_NAME = "Eyes Buddy";
				SWIFT_EMIT_LOC_STRINGS = YES;
				SWIFT_OPTIMIZATION_LEVEL = "-Onone";
				SWIFT_VERSION = 5.0;
			};
			name = Debug;
		};
		47DF13942AD27FC300C5140D /* Release */ = {
			isa = XCBuildConfiguration;
			buildSettings = {
				ASSETCATALOG_COMPILER_APPICON_NAME = AppIcon;
				ASSETCATALOG_COMPILER_GLOBAL_ACCENT_COLOR_NAME = AccentColor;
				CODE_SIGN_ENTITLEMENTS = EyesBuddy/EyesBuddy.entitlements;
				CODE_SIGN_STYLE = Automatic;
				COMBINE_HIDPI_IMAGES = YES;
				CURRENT_PROJECT_VERSION = 4;
				DEVELOPMENT_ASSET_PATHS = "\"EyesBuddy/Preview Content\"";
				DEVELOPMENT_TEAM = BH46VD9229;
				ENABLE_HARDENED_RUNTIME = YES;
				ENABLE_PREVIEWS = YES;
				GENERATE_INFOPLIST_FILE = YES;
				INFOPLIST_FILE = EyesBuddy/Info.plist;
				INFOPLIST_KEY_CFBundleDisplayName = "Eyes Buddy";
				INFOPLIST_KEY_LSApplicationCategoryType = "public.app-category.productivity";
				INFOPLIST_KEY_NSHumanReadableCopyright = "";
				LD_RUNPATH_SEARCH_PATHS = (
					"$(inherited)",
					"@executable_path/../Frameworks",
				);
				MACOSX_DEPLOYMENT_TARGET = 13.0;
				MARKETING_VERSION = 0.3;
				PRODUCT_BUNDLE_IDENTIFIER = com.hieudinh.EyesBuddy;
				PRODUCT_NAME = "Eyes Buddy";
				SWIFT_EMIT_LOC_STRINGS = YES;
				SWIFT_OPTIMIZATION_LEVEL = "-Osize";
				SWIFT_VERSION = 5.0;
			};
			name = Release;
		};
/* End XCBuildConfiguration section */

/* Begin XCConfigurationList section */
		47DF137E2AD27FC200C5140D /* Build configuration list for PBXProject "EyesBuddy" */ = {
			isa = XCConfigurationList;
			buildConfigurations = (
				47DF13902AD27FC300C5140D /* Debug */,
				47DF13912AD27FC300C5140D /* Release */,
			);
			defaultConfigurationIsVisible = 0;
			defaultConfigurationName = Release;
		};
		47DF13922AD27FC300C5140D /* Build configuration list for PBXNativeTarget "EyesBuddy" */ = {
			isa = XCConfigurationList;
			buildConfigurations = (
				47DF13932AD27FC300C5140D /* Debug */,
				47DF13942AD27FC300C5140D /* Release */,
			);
			defaultConfigurationIsVisible = 0;
			defaultConfigurationName = Release;
		};
/* End XCConfigurationList section */

/* Begin XCRemoteSwiftPackageReference section */
		4732870A2AD4CE4300C13ADE /* XCRemoteSwiftPackageReference "SwiftClient" */ = {
			isa = XCRemoteSwiftPackageReference;
			repositoryURL = "https://github.com/TelemetryDeck/SwiftClient";
			requirement = {
				kind = upToNextMajorVersion;
				minimumVersion = 1.5.0;
			};
		};
		476881D02AD2FBEE000990AF /* XCRemoteSwiftPackageReference "Sparkle" */ = {
			isa = XCRemoteSwiftPackageReference;
			repositoryURL = "https://github.com/sparkle-project/Sparkle";
			requirement = {
				kind = upToNextMajorVersion;
				minimumVersion = 2.5.0;
			};
		};
/* End XCRemoteSwiftPackageReference section */

/* Begin XCSwiftPackageProductDependency section */
		4732870B2AD4CE4300C13ADE /* TelemetryClient */ = {
			isa = XCSwiftPackageProductDependency;
			package = 4732870A2AD4CE4300C13ADE /* XCRemoteSwiftPackageReference "SwiftClient" */;
			productName = TelemetryClient;
		};
		476881D12AD2FBEE000990AF /* Sparkle */ = {
			isa = XCSwiftPackageProductDependency;
			package = 476881D02AD2FBEE000990AF /* XCRemoteSwiftPackageReference "Sparkle" */;
			productName = Sparkle;
		};
/* End XCSwiftPackageProductDependency section */
	};
	rootObject = 47DF137B2AD27FC200C5140D /* Project object */;
}
